
Microsoft Visual Studio Solution File, Format Version 12.00
# Visual Studio Version 17
VisualStudioVersion = 17.0.32112.339
MinimumVisualStudioVersion = 10.0.40219.1
Project("{FAE04EC0-301F-11D3-BF4B-00C04F79EFBC}") = "Variable og datatyper", "Variable og datatyper\Variable og datatyper.csproj", "{6C9F67DC-6181-4B8F-8B39-D37992C13B49}"
EndProject
Global
	GlobalSection(SolutionConfigurationPlatforms) = preSolution
		Debug|Any CPU = Debug|Any CPU
		Release|Any CPU = Release|Any CPU
	EndGlobalSection
	GlobalSection(ProjectConfigurationPlatforms) = postSolution
		{6C9F67DC-6181-4B8F-8B39-D37992C13B49}.Debug|Any CPU.ActiveCfg = Debug|Any CPU
		{6C9F67DC-6181-4B8F-8B39-D37992C13B49}.Debug|Any CPU.Build.0 = Debug|Any CPU
		{6C9F67DC-6181-4B8F-8B39-D37992C13B49}.Release|Any CPU.ActiveCfg = Release|Any CPU
		{6C9F67DC-6181-4B8F-8B39-D37992C13B49}.Release|Any CPU.Build.0 = Release|Any CPU
	EndGlobalSection
	GlobalSection(SolutionProperties) = preSolution
		HideSolutionNode = FALSE
	EndGlobalSection
	GlobalSection(ExtensibilityGlobals) = postSolution
		SolutionGuid = {4FBDB093-4130-46D7-8174-6EBF90BE965C}
	EndGlobalSection
EndGlobal
