
Microsoft Visual Studio Solution File, Format Version 12.00
# Visual Studio Version 17
VisualStudioVersion = 17.0.32112.339
MinimumVisualStudioVersion = 10.0.40219.1
Project("{FAE04EC0-301F-11D3-BF4B-00C04F79EFBC}") = "Morsekode", "Morsekode\Morsekode.csproj", "{7AF7BE60-F185-48D8-A5C6-224AA0819AE7}"
EndProject
Global
	GlobalSection(SolutionConfigurationPlatforms) = preSolution
		Debug|Any CPU = Debug|Any CPU
		Release|Any CPU = Release|Any CPU
	EndGlobalSection
	GlobalSection(ProjectConfigurationPlatforms) = postSolution
		{7AF7BE60-F185-48D8-A5C6-224AA0819AE7}.Debug|Any CPU.ActiveCfg = Debug|Any CPU
		{7AF7BE60-F185-48D8-A5C6-224AA0819AE7}.Debug|Any CPU.Build.0 = Debug|Any CPU
		{7AF7BE60-F185-48D8-A5C6-224AA0819AE7}.Release|Any CPU.ActiveCfg = Release|Any CPU
		{7AF7BE60-F185-48D8-A5C6-224AA0819AE7}.Release|Any CPU.Build.0 = Release|Any CPU
	EndGlobalSection
	GlobalSection(SolutionProperties) = preSolution
		HideSolutionNode = FALSE
	EndGlobalSection
	GlobalSection(ExtensibilityGlobals) = postSolution
		SolutionGuid = {D5CE5E4F-6A7F-46DB-999E-82D4775EA338}
	EndGlobalSection
EndGlobal
