
Microsoft Visual Studio Solution File, Format Version 12.00
# Visual Studio Version 17
VisualStudioVersion = 17.0.32112.339
MinimumVisualStudioVersion = 10.0.40219.1
Project("{FAE04EC0-301F-11D3-BF4B-00C04F79EFBC}") = "Superheltene", "Superheltene\Superheltene.csproj", "{1A016A0E-DDCD-439F-9614-D51AB74D9109}"
EndProject
Global
	GlobalSection(SolutionConfigurationPlatforms) = preSolution
		Debug|Any CPU = Debug|Any CPU
		Release|Any CPU = Release|Any CPU
	EndGlobalSection
	GlobalSection(ProjectConfigurationPlatforms) = postSolution
		{1A016A0E-DDCD-439F-9614-D51AB74D9109}.Debug|Any CPU.ActiveCfg = Debug|Any CPU
		{1A016A0E-DDCD-439F-9614-D51AB74D9109}.Debug|Any CPU.Build.0 = Debug|Any CPU
		{1A016A0E-DDCD-439F-9614-D51AB74D9109}.Release|Any CPU.ActiveCfg = Release|Any CPU
		{1A016A0E-DDCD-439F-9614-D51AB74D9109}.Release|Any CPU.Build.0 = Release|Any CPU
	EndGlobalSection
	GlobalSection(SolutionProperties) = preSolution
		HideSolutionNode = FALSE
	EndGlobalSection
	GlobalSection(ExtensibilityGlobals) = postSolution
		SolutionGuid = {2E126681-6DA1-4039-86CF-0317CBED9420}
	EndGlobalSection
EndGlobal
