
Microsoft Visual Studio Solution File, Format Version 12.00
# Visual Studio Version 17
VisualStudioVersion = 17.0.32112.339
MinimumVisualStudioVersion = 10.0.40219.1
Project("{FAE04EC0-301F-11D3-BF4B-00C04F79EFBC}") = "Robotterne kommer", "Robotterne kommer\Robotterne kommer.csproj", "{FB68A09D-0F24-4763-8A6A-1919DB2D34B1}"
EndProject
Global
	GlobalSection(SolutionConfigurationPlatforms) = preSolution
		Debug|Any CPU = Debug|Any CPU
		Release|Any CPU = Release|Any CPU
	EndGlobalSection
	GlobalSection(ProjectConfigurationPlatforms) = postSolution
		{FB68A09D-0F24-4763-8A6A-1919DB2D34B1}.Debug|Any CPU.ActiveCfg = Debug|Any CPU
		{FB68A09D-0F24-4763-8A6A-1919DB2D34B1}.Debug|Any CPU.Build.0 = Debug|Any CPU
		{FB68A09D-0F24-4763-8A6A-1919DB2D34B1}.Release|Any CPU.ActiveCfg = Release|Any CPU
		{FB68A09D-0F24-4763-8A6A-1919DB2D34B1}.Release|Any CPU.Build.0 = Release|Any CPU
	EndGlobalSection
	GlobalSection(SolutionProperties) = preSolution
		HideSolutionNode = FALSE
	EndGlobalSection
	GlobalSection(ExtensibilityGlobals) = postSolution
		SolutionGuid = {72EB8DD6-5DAD-4857-B14E-16A27BADCFC3}
	EndGlobalSection
EndGlobal
