
Microsoft Visual Studio Solution File, Format Version 12.00
# Visual Studio Version 17
VisualStudioVersion = 17.0.32112.339
MinimumVisualStudioVersion = 10.0.40219.1
Project("{FAE04EC0-301F-11D3-BF4B-00C04F79EFBC}") = "Black Jack", "Black Jack\Black Jack.csproj", "{099F114B-FF7E-413E-9CE4-A1FA8344C5B4}"
EndProject
Global
	GlobalSection(SolutionConfigurationPlatforms) = preSolution
		Debug|Any CPU = Debug|Any CPU
		Release|Any CPU = Release|Any CPU
	EndGlobalSection
	GlobalSection(ProjectConfigurationPlatforms) = postSolution
		{099F114B-FF7E-413E-9CE4-A1FA8344C5B4}.Debug|Any CPU.ActiveCfg = Debug|Any CPU
		{099F114B-FF7E-413E-9CE4-A1FA8344C5B4}.Debug|Any CPU.Build.0 = Debug|Any CPU
		{099F114B-FF7E-413E-9CE4-A1FA8344C5B4}.Release|Any CPU.ActiveCfg = Release|Any CPU
		{099F114B-FF7E-413E-9CE4-A1FA8344C5B4}.Release|Any CPU.Build.0 = Release|Any CPU
	EndGlobalSection
	GlobalSection(SolutionProperties) = preSolution
		HideSolutionNode = FALSE
	EndGlobalSection
	GlobalSection(ExtensibilityGlobals) = postSolution
		SolutionGuid = {95AC1AF3-CB73-48BA-A15C-93C87548960B}
	EndGlobalSection
EndGlobal
